{
  "name": "@a2a/sdk",
  "version": "1.2.1",
  "lockfileVersion": 3,
  "requires": true,
  "packages": {
    "": {
      "name": "@a2a/sdk",
      "version": "1.2.1",
      "license": "MIT",
      "dependencies": {
        "@greenhelix/sdk": "^1.2.1"
      },
      "devDependencies": {
        "typescript": "^5.4"
      },
      "engines": {
        "node": ">=18"
      }
    },
    "node_modules/@greenhelix/sdk": {
      "version": "1.2.1",
      "resolved": "https://registry.npmjs.org/@greenhelix/sdk/-/sdk-1.2.1.tgz",
      "integrity": "sha512-5hvNVqirtd3BRLILU3o5cD9ILs74fggj1YY+kG49mQNzwcyh+TTONj/kCzlG8MHCHxqcxc3AirHiNHKhyDe/9w==",
      "engines": {
        "node": ">=18"
      }
    },
    "node_modules/typescript": {
      "version": "5.9.3",
      "resolved": "https://registry.npmjs.org/typescript/-/typescript-5.9.3.tgz",
      "integrity": "sha512-jl1vZzPDinLr9eUt3J/t7V6FgNEw9QjvBPdysz9KfQDD41fQrC2Y4vKQdiaUpFT4bXlb1RHhLpp8wtm6M5TgSw==",
      "dev": true,
      "bin": {
        "tsc": "bin/tsc",
        "tsserver": "bin/tsserver"
      },
      "engines": {
        "node": ">=14.17"
      }
    }
  }
}
